
Microsoft Visual Studio Solution File, Format Version 12.00
# Visual Studio Version 17
VisualStudioVersion = 17.1.32228.430
MinimumVisualStudioVersion = 10.0.40219.1
Project("{FAE04EC0-301F-11D3-BF4B-00C04F79EFBC}") = "FractionKata.Test", "FractionKata.Test\FractionKata.Test.csproj", "{3254B0B0-14D8-4125-94E1-304005FBF40E}"
EndProject
Project("{FAE04EC0-301F-11D3-BF4B-00C04F79EFBC}") = "FractionKata.Prod", "FractionKata.Prod\FractionKata.Prod.csproj", "{E10B5EB7-3DB8-46CA-A7EB-EE3DF46D42C2}"
EndProject
Global
	GlobalSection(SolutionConfigurationPlatforms) = preSolution
		Debug|Any CPU = Debug|Any CPU
		Release|Any CPU = Release|Any CPU
	EndGlobalSection
	GlobalSection(ProjectConfigurationPlatforms) = postSolution
		{3254B0B0-14D8-4125-94E1-304005FBF40E}.Debug|Any CPU.ActiveCfg = Debug|Any CPU
		{3254B0B0-14D8-4125-94E1-304005FBF40E}.Debug|Any CPU.Build.0 = Debug|Any CPU
		{3254B0B0-14D8-4125-94E1-304005FBF40E}.Release|Any CPU.ActiveCfg = Release|Any CPU
		{3254B0B0-14D8-4125-94E1-304005FBF40E}.Release|Any CPU.Build.0 = Release|Any CPU
		{E10B5EB7-3DB8-46CA-A7EB-EE3DF46D42C2}.Debug|Any CPU.ActiveCfg = Debug|Any CPU
		{E10B5EB7-3DB8-46CA-A7EB-EE3DF46D42C2}.Debug|Any CPU.Build.0 = Debug|Any CPU
		{E10B5EB7-3DB8-46CA-A7EB-EE3DF46D42C2}.Release|Any CPU.ActiveCfg = Release|Any CPU
		{E10B5EB7-3DB8-46CA-A7EB-EE3DF46D42C2}.Release|Any CPU.Build.0 = Release|Any CPU
	EndGlobalSection
	GlobalSection(SolutionProperties) = preSolution
		HideSolutionNode = FALSE
	EndGlobalSection
	GlobalSection(ExtensibilityGlobals) = postSolution
		SolutionGuid = {C11A2F57-1BC1-4901-B0F1-0B90278C3642}
	EndGlobalSection
EndGlobal
